PODS:
  - Alamofire (5.0.0-rc.2)
  - AlamofireObjectMapper (6.2.0):
    - Alamofire (= 5.0.0-rc.2)
    - ObjectMapper (~> 3.5.1)
  - Cloudpayments (1.0.3):
    - Alamofire
    - ObjectMapper
  - Cloudtips (1.0.2):
    - Alamofire (= 5.0.0-rc.2)
    - AlamofireObjectMapper
    - Cloudpayments
    - ReCaptcha
    - SDWebImage (~> 5.0)
  - ObjectMapper (3.5.3)
  - ReCaptcha (1.5.0):
    - ReCaptcha/Core (= 1.5.0)
  - ReCaptcha/Core (1.5.0)
  - SDWebImage (5.10.0):
    - SDWebImage/Core (= 5.10.0)
  - SDWebImage/Core (5.10.0)

DEPENDENCIES:
  - Cloudpayments (from `https://github.com/cloudpayments/CloudPayments-SDK-iOS`, branch `master`)
  - Cloudtips (from `../sdk`)

SPEC REPOS:
  trunk:
    - Alamofire
    - AlamofireObjectMapper
    - ObjectMapper
    - ReCaptcha
    - SDWebImage

EXTERNAL SOURCES:
  Cloudpayments:
    :branch: master
    :git: https://github.com/cloudpayments/CloudPayments-SDK-iOS
  Cloudtips:
    :path: "../sdk"

CHECKOUT OPTIONS:
  Cloudpayments:
    :commit: 927e8c84bb409c986c636e66bcfa55112d264c21
    :git: https://github.com/cloudpayments/CloudPayments-SDK-iOS

SPEC CHECKSUMS:
  Alamofire: f9450d3c7f6bea2ad62e7a541c3e9b186c7991d6
  AlamofireObjectMapper: 74d1440c92c42bbcc2b5f4dc81654ac095ec669f
  Cloudpayments: 7f89b9459fec092a7f90450f67a50461e8815379
  Cloudtips: e68e5ee43666a447a44587e3367dec7578430c14
  ObjectMapper: 97111c97e054a6ee25917662106689f0b4127b37
  ReCaptcha: 40ae1dc390fd5837267674b9a6ae0978abb5eeeb
  SDWebImage: 9169792e9eec3e45bba2a0c02f74bf8bd922d1ee

PODFILE CHECKSUM: 38fae1fb5dc958f03f0d4176c73722d98101d999

COCOAPODS: 1.9.3
