PODS:
  - Cloudpayments (1.1.0):
    - CloudpaymentsNetworking
  - CloudpaymentsNetworking (1.0.1)
  - Cloudtips (1.1.1):
    - Cloudpayments
    - ReCaptcha
    - SDWebImage (~> 5.0)
  - ReCaptcha (1.6.0):
    - ReCaptcha/Core (= 1.6.0)
  - ReCaptcha/Core (1.6.0)
  - SDWebImage (5.11.1):
    - SDWebImage/Core (= 5.11.1)
  - SDWebImage/Core (5.11.1)

DEPENDENCIES:
  - Cloudpayments (from `https://github.com/cloudpayments/CloudPayments-SDK-iOS`, branch `master`)
  - CloudpaymentsNetworking (from `https://github.com/cloudpayments/CloudPayments-SDK-iOS`, branch `master`)
  - Cloudtips (from `../sdk`)

SPEC REPOS:
  trunk:
    - ReCaptcha
    - SDWebImage

EXTERNAL SOURCES:
  Cloudpayments:
    :branch: master
    :git: https://github.com/cloudpayments/CloudPayments-SDK-iOS
  CloudpaymentsNetworking:
    :branch: master
    :git: https://github.com/cloudpayments/CloudPayments-SDK-iOS
  Cloudtips:
    :path: "../sdk"

CHECKOUT OPTIONS:
  Cloudpayments:
    :commit: 4e60bafe38bdfa9f64c57d3f9757711dc31412fa
    :git: https://github.com/cloudpayments/CloudPayments-SDK-iOS
  CloudpaymentsNetworking:
    :commit: 4e60bafe38bdfa9f64c57d3f9757711dc31412fa
    :git: https://github.com/cloudpayments/CloudPayments-SDK-iOS

SPEC CHECKSUMS:
  Cloudpayments: ee7ae571b7cd037df3309649f61eb91ee9b5feff
  CloudpaymentsNetworking: 5370374b0eabd72e8939e02b2b9462e85cbc2de2
  Cloudtips: fd9df4a15e4bb87a6c630bef5efaccd324fa5566
  ReCaptcha: d493ed256054a7b6a7eabcaf0b47ec9a8f42a16e
  SDWebImage: a7f831e1a65eb5e285e3fb046a23fcfbf08e696d

PODFILE CHECKSUM: 5192a6210c81601c591938afe33712601164cafb

COCOAPODS: 1.10.1
