PODS:
  - Cloudpayments (1.1.0):
    - CloudpaymentsNetworking
  - CloudpaymentsNetworking (1.0.0)
  - ReCaptcha (1.6.0):
    - ReCaptcha/Core (= 1.6.0)
  - ReCaptcha/Core (1.6.0)
  - SDWebImage (5.11.1):
    - SDWebImage/Core (= 5.11.1)
  - SDWebImage/Core (5.11.1)

DEPENDENCIES:
  - Cloudpayments (from `https://github.com/cloudpayments/CloudPayments-SDK-iOS`, branch `master`)
  - CloudpaymentsNetworking (from `https://github.com/cloudpayments/CloudPayments-SDK-iOS`, branch `master`)
  - ReCaptcha
  - SDWebImage (~> 5.0)

SPEC REPOS:
  trunk:
    - ReCaptcha
    - SDWebImage

EXTERNAL SOURCES:
  Cloudpayments:
    :branch: master
    :git: https://github.com/cloudpayments/CloudPayments-SDK-iOS
  CloudpaymentsNetworking:
    :branch: master
    :git: https://github.com/cloudpayments/CloudPayments-SDK-iOS

CHECKOUT OPTIONS:
  Cloudpayments:
    :commit: 86827fcc12a27778b52792b540fa23f397c0a3ef
    :git: https://github.com/cloudpayments/CloudPayments-SDK-iOS
  CloudpaymentsNetworking:
    :commit: 86827fcc12a27778b52792b540fa23f397c0a3ef
    :git: https://github.com/cloudpayments/CloudPayments-SDK-iOS

SPEC CHECKSUMS:
  Cloudpayments: ee7ae571b7cd037df3309649f61eb91ee9b5feff
  CloudpaymentsNetworking: 5876a99ef846704230a9fdf779762ec81859d212
  ReCaptcha: d493ed256054a7b6a7eabcaf0b47ec9a8f42a16e
  SDWebImage: a7f831e1a65eb5e285e3fb046a23fcfbf08e696d

PODFILE CHECKSUM: 8cf8c1600d1102b38ed8349d59b005f2f7ed56df

COCOAPODS: 1.10.1
